
Microsoft Visual Studio Solution File, Format Version 12.00
# Visual Studio 15
VisualStudioVersion = 15.0.26228.9
MinimumVisualStudioVersion = 10.0.40219.1
Project("{9A19103F-16F7-4668-BE54-9A1E7A4F7556}") = "Planru.Domain.Core", "Planru.Domain.Core\Planru.Domain.Core.csproj", "{E5A71BBD-21F5-4603-A0E8-71EA59519F64}"
EndProject
Project("{2150E333-8FDC-42A3-9474-1A3956D46DE8}") = "Framework", "Framework", "{4F1F4CB0-BD80-45E2-A76F-CAAFDD55CAD4}"
EndProject
Project("{9A19103F-16F7-4668-BE54-9A1E7A4F7556}") = "Planru.NCBlog.Domain", "Planru.NCBlog.Domain\Planru.NCBlog.Domain.csproj", "{3E3FC905-E897-4EFB-9FA0-1D7555DB2BBF}"
EndProject
Project("{9A19103F-16F7-4668-BE54-9A1E7A4F7556}") = "Planru.NCBlog.Application", "Planru.NCBlog.Application\Planru.NCBlog.Application.csproj", "{B3203216-F509-4299-B9A2-FAF2BC65575C}"
EndProject
Project("{2150E333-8FDC-42A3-9474-1A3956D46DE8}") = "Intrastructure", "Intrastructure", "{53361B70-19A2-4231-B244-2538F46C7A20}"
EndProject
Project("{2150E333-8FDC-42A3-9474-1A3956D46DE8}") = "NBlog", "NBlog", "{6271A5AA-B7B6-41F7-8EFA-148DBD6B768F}"
EndProject
Project("{9A19103F-16F7-4668-BE54-9A1E7A4F7556}") = "Planru.NCBlog.Web", "Planru.NCBlog.Web\Planru.NCBlog.Web.csproj", "{9F7C73A8-12AA-4F66-B0FE-92FA17092024}"
EndProject
Project("{9A19103F-16F7-4668-BE54-9A1E7A4F7556}") = "Planru.NCBlog.Persistence.EFCore", "Planru.NCBlog.Persistence.EFCore\Planru.NCBlog.Persistence.EFCore.csproj", "{4A2B5B45-22D3-44AB-8A30-7DA38DADC2AC}"
EndProject
Project("{9A19103F-16F7-4668-BE54-9A1E7A4F7556}") = "Planru.NCBlog.Persistence.EFCore.MSSQL", "Planru.NCBlog.Persistence.EFCore.MSSQL\Planru.NCBlog.Persistence.EFCore.MSSQL.csproj", "{B84CCD3C-D129-42FF-8B25-41E68A4C66DC}"
EndProject
Project("{9A19103F-16F7-4668-BE54-9A1E7A4F7556}") = "Planru.Intrastructure.Identity", "Planru.Intrastructure.Identity\Planru.Intrastructure.Identity.csproj", "{7F94FBC0-5FCE-4F66-91F7-247F10BF6BD7}"
EndProject
Project("{FAE04EC0-301F-11D3-BF4B-00C04F79EFBC}") = "Planru.NCBlog.IoC", "Planru.NCBlog.IoC\Planru.NCBlog.IoC.csproj", "{657A41B1-3B0B-449D-8ABB-C1121FED432D}"
EndProject
Project("{2150E333-8FDC-42A3-9474-1A3956D46DE8}") = "Solution Items", "Solution Items", "{BA8729BE-CEAA-4B78-8484-5AFE3B161033}"
EndProject
Project("{2150E333-8FDC-42A3-9474-1A3956D46DE8}") = "Authorization", "Authorization", "{7F01D175-F870-4D09-B44E-072F2CEEE88B}"
EndProject
Project("{FAE04EC0-301F-11D3-BF4B-00C04F79EFBC}") = "Planru.NCBlog.WebAPI", "Planru.NCBlog.WebAPI\Planru.NCBlog.WebAPI.csproj", "{D4F8A0DE-3F08-4E91-B1D0-0EDB583819CE}"
EndProject
Project("{9A19103F-16F7-4668-BE54-9A1E7A4F7556}") = "Planru.IdentityServer.Web", "Planru.IdentityServer.Web\Planru.IdentityServer.Web.csproj", "{748E0BDE-8F23-42D9-ADD6-3D5551D05BA1}"
EndProject
Global
	GlobalSection(SolutionConfigurationPlatforms) = preSolution
		Debug|Any CPU = Debug|Any CPU
		Release|Any CPU = Release|Any CPU
	EndGlobalSection
	GlobalSection(ProjectConfigurationPlatforms) = postSolution
		{E5A71BBD-21F5-4603-A0E8-71EA59519F64}.Debug|Any CPU.ActiveCfg = Debug|Any CPU
		{E5A71BBD-21F5-4603-A0E8-71EA59519F64}.Debug|Any CPU.Build.0 = Debug|Any CPU
		{E5A71BBD-21F5-4603-A0E8-71EA59519F64}.Release|Any CPU.ActiveCfg = Release|Any CPU
		{E5A71BBD-21F5-4603-A0E8-71EA59519F64}.Release|Any CPU.Build.0 = Release|Any CPU
		{3E3FC905-E897-4EFB-9FA0-1D7555DB2BBF}.Debug|Any CPU.ActiveCfg = Debug|Any CPU
		{3E3FC905-E897-4EFB-9FA0-1D7555DB2BBF}.Debug|Any CPU.Build.0 = Debug|Any CPU
		{3E3FC905-E897-4EFB-9FA0-1D7555DB2BBF}.Release|Any CPU.ActiveCfg = Release|Any CPU
		{3E3FC905-E897-4EFB-9FA0-1D7555DB2BBF}.Release|Any CPU.Build.0 = Release|Any CPU
		{B3203216-F509-4299-B9A2-FAF2BC65575C}.Debug|Any CPU.ActiveCfg = Debug|Any CPU
		{B3203216-F509-4299-B9A2-FAF2BC65575C}.Debug|Any CPU.Build.0 = Debug|Any CPU
		{B3203216-F509-4299-B9A2-FAF2BC65575C}.Release|Any CPU.ActiveCfg = Release|Any CPU
		{B3203216-F509-4299-B9A2-FAF2BC65575C}.Release|Any CPU.Build.0 = Release|Any CPU
		{9F7C73A8-12AA-4F66-B0FE-92FA17092024}.Debug|Any CPU.ActiveCfg = Debug|Any CPU
		{9F7C73A8-12AA-4F66-B0FE-92FA17092024}.Debug|Any CPU.Build.0 = Debug|Any CPU
		{9F7C73A8-12AA-4F66-B0FE-92FA17092024}.Release|Any CPU.ActiveCfg = Release|Any CPU
		{9F7C73A8-12AA-4F66-B0FE-92FA17092024}.Release|Any CPU.Build.0 = Release|Any CPU
		{4A2B5B45-22D3-44AB-8A30-7DA38DADC2AC}.Debug|Any CPU.ActiveCfg = Debug|Any CPU
		{4A2B5B45-22D3-44AB-8A30-7DA38DADC2AC}.Debug|Any CPU.Build.0 = Debug|Any CPU
		{4A2B5B45-22D3-44AB-8A30-7DA38DADC2AC}.Release|Any CPU.ActiveCfg = Release|Any CPU
		{4A2B5B45-22D3-44AB-8A30-7DA38DADC2AC}.Release|Any CPU.Build.0 = Release|Any CPU
		{B84CCD3C-D129-42FF-8B25-41E68A4C66DC}.Debug|Any CPU.ActiveCfg = Debug|Any CPU
		{B84CCD3C-D129-42FF-8B25-41E68A4C66DC}.Debug|Any CPU.Build.0 = Debug|Any CPU
		{B84CCD3C-D129-42FF-8B25-41E68A4C66DC}.Release|Any CPU.ActiveCfg = Release|Any CPU
		{B84CCD3C-D129-42FF-8B25-41E68A4C66DC}.Release|Any CPU.Build.0 = Release|Any CPU
		{7F94FBC0-5FCE-4F66-91F7-247F10BF6BD7}.Debug|Any CPU.ActiveCfg = Debug|Any CPU
		{7F94FBC0-5FCE-4F66-91F7-247F10BF6BD7}.Debug|Any CPU.Build.0 = Debug|Any CPU
		{7F94FBC0-5FCE-4F66-91F7-247F10BF6BD7}.Release|Any CPU.ActiveCfg = Release|Any CPU
		{7F94FBC0-5FCE-4F66-91F7-247F10BF6BD7}.Release|Any CPU.Build.0 = Release|Any CPU
		{657A41B1-3B0B-449D-8ABB-C1121FED432D}.Debug|Any CPU.ActiveCfg = Debug|Any CPU
		{657A41B1-3B0B-449D-8ABB-C1121FED432D}.Debug|Any CPU.Build.0 = Debug|Any CPU
		{657A41B1-3B0B-449D-8ABB-C1121FED432D}.Release|Any CPU.ActiveCfg = Release|Any CPU
		{657A41B1-3B0B-449D-8ABB-C1121FED432D}.Release|Any CPU.Build.0 = Release|Any CPU
		{D4F8A0DE-3F08-4E91-B1D0-0EDB583819CE}.Debug|Any CPU.ActiveCfg = Debug|Any CPU
		{D4F8A0DE-3F08-4E91-B1D0-0EDB583819CE}.Debug|Any CPU.Build.0 = Debug|Any CPU
		{D4F8A0DE-3F08-4E91-B1D0-0EDB583819CE}.Release|Any CPU.ActiveCfg = Release|Any CPU
		{D4F8A0DE-3F08-4E91-B1D0-0EDB583819CE}.Release|Any CPU.Build.0 = Release|Any CPU
		{748E0BDE-8F23-42D9-ADD6-3D5551D05BA1}.Debug|Any CPU.ActiveCfg = Debug|Any CPU
		{748E0BDE-8F23-42D9-ADD6-3D5551D05BA1}.Debug|Any CPU.Build.0 = Debug|Any CPU
		{748E0BDE-8F23-42D9-ADD6-3D5551D05BA1}.Release|Any CPU.ActiveCfg = Release|Any CPU
		{748E0BDE-8F23-42D9-ADD6-3D5551D05BA1}.Release|Any CPU.Build.0 = Release|Any CPU
	EndGlobalSection
	GlobalSection(SolutionProperties) = preSolution
		HideSolutionNode = FALSE
	EndGlobalSection
	GlobalSection(NestedProjects) = preSolution
		{E5A71BBD-21F5-4603-A0E8-71EA59519F64} = {4F1F4CB0-BD80-45E2-A76F-CAAFDD55CAD4}
		{3E3FC905-E897-4EFB-9FA0-1D7555DB2BBF} = {6271A5AA-B7B6-41F7-8EFA-148DBD6B768F}
		{B3203216-F509-4299-B9A2-FAF2BC65575C} = {6271A5AA-B7B6-41F7-8EFA-148DBD6B768F}
		{9F7C73A8-12AA-4F66-B0FE-92FA17092024} = {6271A5AA-B7B6-41F7-8EFA-148DBD6B768F}
		{4A2B5B45-22D3-44AB-8A30-7DA38DADC2AC} = {6271A5AA-B7B6-41F7-8EFA-148DBD6B768F}
		{B84CCD3C-D129-42FF-8B25-41E68A4C66DC} = {6271A5AA-B7B6-41F7-8EFA-148DBD6B768F}
		{7F94FBC0-5FCE-4F66-91F7-247F10BF6BD7} = {53361B70-19A2-4231-B244-2538F46C7A20}
		{657A41B1-3B0B-449D-8ABB-C1121FED432D} = {6271A5AA-B7B6-41F7-8EFA-148DBD6B768F}
		{D4F8A0DE-3F08-4E91-B1D0-0EDB583819CE} = {6271A5AA-B7B6-41F7-8EFA-148DBD6B768F}
		{748E0BDE-8F23-42D9-ADD6-3D5551D05BA1} = {7F01D175-F870-4D09-B44E-072F2CEEE88B}
	EndGlobalSection
EndGlobal
