
Microsoft Visual Studio Solution File, Format Version 12.00
# Visual Studio 15
VisualStudioVersion = 15.0.26228.9
MinimumVisualStudioVersion = 10.0.40219.1
Project("{9A19103F-16F7-4668-BE54-9A1E7A4F7556}") = "Planru.Domain.Core", "Planru.Domain.Core\Planru.Domain.Core.csproj", "{E5A71BBD-21F5-4603-A0E8-71EA59519F64}"
EndProject
Project("{2150E333-8FDC-42A3-9474-1A3956D46DE8}") = "Framework", "Framework", "{4F1F4CB0-BD80-45E2-A76F-CAAFDD55CAD4}"
EndProject
Project("{9A19103F-16F7-4668-BE54-9A1E7A4F7556}") = "Planru.NCMS.Domain", "Planru.NCMS.Domain\Planru.NCMS.Domain.csproj", "{3E3FC905-E897-4EFB-9FA0-1D7555DB2BBF}"
EndProject
Project("{9A19103F-16F7-4668-BE54-9A1E7A4F7556}") = "Planru.NCMS.Application", "Planru.NCMS.Application\Planru.NCMS.Application.csproj", "{B3203216-F509-4299-B9A2-FAF2BC65575C}"
EndProject
Project("{2150E333-8FDC-42A3-9474-1A3956D46DE8}") = "NCMS", "NCMS", "{6271A5AA-B7B6-41F7-8EFA-148DBD6B768F}"
EndProject
Project("{9A19103F-16F7-4668-BE54-9A1E7A4F7556}") = "Planru.NCMS.Persistence.EFCore", "Planru.NCMS.Persistence.EFCore\Planru.NCMS.Persistence.EFCore.csproj", "{4A2B5B45-22D3-44AB-8A30-7DA38DADC2AC}"
EndProject
Project("{9A19103F-16F7-4668-BE54-9A1E7A4F7556}") = "Planru.NCMS.IoC", "Planru.NCMS.IoC\Planru.NCMS.IoC.csproj", "{657A41B1-3B0B-449D-8ABB-C1121FED432D}"
EndProject
Project("{2150E333-8FDC-42A3-9474-1A3956D46DE8}") = "Solution Items", "Solution Items", "{BA8729BE-CEAA-4B78-8484-5AFE3B161033}"
EndProject
Project("{9A19103F-16F7-4668-BE54-9A1E7A4F7556}") = "Planru.NCMS.Web", "Planru.NCMS.Web\Planru.NCMS.Web.csproj", "{40DD9D78-8F92-4898-BDBD-03B0B1457F10}"
EndProject
Project("{9A19103F-16F7-4668-BE54-9A1E7A4F7556}") = "Planru.CrossCutting.Identity", "Planru.CrossCutting.Identity\Planru.CrossCutting.Identity.csproj", "{91DE145A-E052-45CF-926A-00BBFA30CC5C}"
EndProject
Project("{9A19103F-16F7-4668-BE54-9A1E7A4F7556}") = "Planru.CrossCutting.Identity.Web", "Planru.CrossCutting.Identity.Web\Planru.CrossCutting.Identity.Web.csproj", "{18EEB802-CA2C-4DD6-B5DC-446F98B1899F}"
EndProject
Project("{FAE04EC0-301F-11D3-BF4B-00C04F79EFBC}") = "Planru.CrossCutting.Bus", "Planru.CrossCutting.Bus\Planru.CrossCutting.Bus.csproj", "{A7555CA5-83D9-4568-94DF-D17E38F93F6A}"
EndProject
Project("{FAE04EC0-301F-11D3-BF4B-00C04F79EFBC}") = "Planru.NCMS.WebAPI", "Planru.NCMS.WebAPI\Planru.NCMS.WebAPI.csproj", "{4D82380F-A073-4A21-9E72-070BB8D0CBF8}"
EndProject
Project("{FAE04EC0-301F-11D3-BF4B-00C04F79EFBC}") = "Planru.NCMS.WebAdmin", "Planru.NCMS.WebAdmin\Planru.NCMS.WebAdmin.csproj", "{2015CACD-42D3-4C37-93C5-1F69D45801AF}"
EndProject
Global
	GlobalSection(SolutionConfigurationPlatforms) = preSolution
		Debug|Any CPU = Debug|Any CPU
		Release|Any CPU = Release|Any CPU
	EndGlobalSection
	GlobalSection(ProjectConfigurationPlatforms) = postSolution
		{E5A71BBD-21F5-4603-A0E8-71EA59519F64}.Debug|Any CPU.ActiveCfg = Debug|Any CPU
		{E5A71BBD-21F5-4603-A0E8-71EA59519F64}.Debug|Any CPU.Build.0 = Debug|Any CPU
		{E5A71BBD-21F5-4603-A0E8-71EA59519F64}.Release|Any CPU.ActiveCfg = Release|Any CPU
		{E5A71BBD-21F5-4603-A0E8-71EA59519F64}.Release|Any CPU.Build.0 = Release|Any CPU
		{3E3FC905-E897-4EFB-9FA0-1D7555DB2BBF}.Debug|Any CPU.ActiveCfg = Debug|Any CPU
		{3E3FC905-E897-4EFB-9FA0-1D7555DB2BBF}.Debug|Any CPU.Build.0 = Debug|Any CPU
		{3E3FC905-E897-4EFB-9FA0-1D7555DB2BBF}.Release|Any CPU.ActiveCfg = Release|Any CPU
		{3E3FC905-E897-4EFB-9FA0-1D7555DB2BBF}.Release|Any CPU.Build.0 = Release|Any CPU
		{B3203216-F509-4299-B9A2-FAF2BC65575C}.Debug|Any CPU.ActiveCfg = Debug|Any CPU
		{B3203216-F509-4299-B9A2-FAF2BC65575C}.Debug|Any CPU.Build.0 = Debug|Any CPU
		{B3203216-F509-4299-B9A2-FAF2BC65575C}.Release|Any CPU.ActiveCfg = Release|Any CPU
		{B3203216-F509-4299-B9A2-FAF2BC65575C}.Release|Any CPU.Build.0 = Release|Any CPU
		{4A2B5B45-22D3-44AB-8A30-7DA38DADC2AC}.Debug|Any CPU.ActiveCfg = Debug|Any CPU
		{4A2B5B45-22D3-44AB-8A30-7DA38DADC2AC}.Debug|Any CPU.Build.0 = Debug|Any CPU
		{4A2B5B45-22D3-44AB-8A30-7DA38DADC2AC}.Release|Any CPU.ActiveCfg = Release|Any CPU
		{4A2B5B45-22D3-44AB-8A30-7DA38DADC2AC}.Release|Any CPU.Build.0 = Release|Any CPU
		{657A41B1-3B0B-449D-8ABB-C1121FED432D}.Debug|Any CPU.ActiveCfg = Debug|Any CPU
		{657A41B1-3B0B-449D-8ABB-C1121FED432D}.Debug|Any CPU.Build.0 = Debug|Any CPU
		{657A41B1-3B0B-449D-8ABB-C1121FED432D}.Release|Any CPU.ActiveCfg = Release|Any CPU
		{657A41B1-3B0B-449D-8ABB-C1121FED432D}.Release|Any CPU.Build.0 = Release|Any CPU
		{40DD9D78-8F92-4898-BDBD-03B0B1457F10}.Debug|Any CPU.ActiveCfg = Debug|Any CPU
		{40DD9D78-8F92-4898-BDBD-03B0B1457F10}.Debug|Any CPU.Build.0 = Debug|Any CPU
		{40DD9D78-8F92-4898-BDBD-03B0B1457F10}.Release|Any CPU.ActiveCfg = Release|Any CPU
		{40DD9D78-8F92-4898-BDBD-03B0B1457F10}.Release|Any CPU.Build.0 = Release|Any CPU
		{91DE145A-E052-45CF-926A-00BBFA30CC5C}.Debug|Any CPU.ActiveCfg = Debug|Any CPU
		{91DE145A-E052-45CF-926A-00BBFA30CC5C}.Debug|Any CPU.Build.0 = Debug|Any CPU
		{91DE145A-E052-45CF-926A-00BBFA30CC5C}.Release|Any CPU.ActiveCfg = Release|Any CPU
		{91DE145A-E052-45CF-926A-00BBFA30CC5C}.Release|Any CPU.Build.0 = Release|Any CPU
		{18EEB802-CA2C-4DD6-B5DC-446F98B1899F}.Debug|Any CPU.ActiveCfg = Debug|Any CPU
		{18EEB802-CA2C-4DD6-B5DC-446F98B1899F}.Debug|Any CPU.Build.0 = Debug|Any CPU
		{18EEB802-CA2C-4DD6-B5DC-446F98B1899F}.Release|Any CPU.ActiveCfg = Release|Any CPU
		{18EEB802-CA2C-4DD6-B5DC-446F98B1899F}.Release|Any CPU.Build.0 = Release|Any CPU
		{A7555CA5-83D9-4568-94DF-D17E38F93F6A}.Debug|Any CPU.ActiveCfg = Debug|Any CPU
		{A7555CA5-83D9-4568-94DF-D17E38F93F6A}.Debug|Any CPU.Build.0 = Debug|Any CPU
		{A7555CA5-83D9-4568-94DF-D17E38F93F6A}.Release|Any CPU.ActiveCfg = Release|Any CPU
		{A7555CA5-83D9-4568-94DF-D17E38F93F6A}.Release|Any CPU.Build.0 = Release|Any CPU
		{4D82380F-A073-4A21-9E72-070BB8D0CBF8}.Debug|Any CPU.ActiveCfg = Debug|Any CPU
		{4D82380F-A073-4A21-9E72-070BB8D0CBF8}.Debug|Any CPU.Build.0 = Debug|Any CPU
		{4D82380F-A073-4A21-9E72-070BB8D0CBF8}.Release|Any CPU.ActiveCfg = Release|Any CPU
		{4D82380F-A073-4A21-9E72-070BB8D0CBF8}.Release|Any CPU.Build.0 = Release|Any CPU
		{2015CACD-42D3-4C37-93C5-1F69D45801AF}.Debug|Any CPU.ActiveCfg = Debug|Any CPU
		{2015CACD-42D3-4C37-93C5-1F69D45801AF}.Debug|Any CPU.Build.0 = Debug|Any CPU
		{2015CACD-42D3-4C37-93C5-1F69D45801AF}.Release|Any CPU.ActiveCfg = Release|Any CPU
		{2015CACD-42D3-4C37-93C5-1F69D45801AF}.Release|Any CPU.Build.0 = Release|Any CPU
	EndGlobalSection
	GlobalSection(SolutionProperties) = preSolution
		HideSolutionNode = FALSE
	EndGlobalSection
	GlobalSection(NestedProjects) = preSolution
		{E5A71BBD-21F5-4603-A0E8-71EA59519F64} = {4F1F4CB0-BD80-45E2-A76F-CAAFDD55CAD4}
		{3E3FC905-E897-4EFB-9FA0-1D7555DB2BBF} = {6271A5AA-B7B6-41F7-8EFA-148DBD6B768F}
		{B3203216-F509-4299-B9A2-FAF2BC65575C} = {6271A5AA-B7B6-41F7-8EFA-148DBD6B768F}
		{4A2B5B45-22D3-44AB-8A30-7DA38DADC2AC} = {6271A5AA-B7B6-41F7-8EFA-148DBD6B768F}
		{657A41B1-3B0B-449D-8ABB-C1121FED432D} = {6271A5AA-B7B6-41F7-8EFA-148DBD6B768F}
		{40DD9D78-8F92-4898-BDBD-03B0B1457F10} = {6271A5AA-B7B6-41F7-8EFA-148DBD6B768F}
		{91DE145A-E052-45CF-926A-00BBFA30CC5C} = {4F1F4CB0-BD80-45E2-A76F-CAAFDD55CAD4}
		{18EEB802-CA2C-4DD6-B5DC-446F98B1899F} = {4F1F4CB0-BD80-45E2-A76F-CAAFDD55CAD4}
		{A7555CA5-83D9-4568-94DF-D17E38F93F6A} = {4F1F4CB0-BD80-45E2-A76F-CAAFDD55CAD4}
		{4D82380F-A073-4A21-9E72-070BB8D0CBF8} = {6271A5AA-B7B6-41F7-8EFA-148DBD6B768F}
		{2015CACD-42D3-4C37-93C5-1F69D45801AF} = {6271A5AA-B7B6-41F7-8EFA-148DBD6B768F}
	EndGlobalSection
EndGlobal
